// !$*UTF8*$!
{
	archiveVersion = 1;
	classes = {
	};
	objectVersion = 56;
	objects = {

/* Begin PBXBuildFile section */
		1ED56A2B297CA8190050A61C /* AppDelegate.swift in Sources */ = {isa = PBXBuildFile; fileRef = 1ED56A2A297CA8190050A61C /* AppDelegate.swift */; };
		1ED56A2D297CA8190050A61C /* SceneDelegate.swift in Sources */ = {isa = PBXBuildFile; fileRef = 1ED56A2C297CA8190050A61C /* SceneDelegate.swift */; };
		1ED56A2F297CA8190050A61C /* ViewController.swift in Sources */ = {isa = PBXBuildFile; fileRef = 1ED56A2E297CA8190050A61C /* ViewController.swift */; };
		1ED56A32297CA8190050A61C /* Main.storyboard in Resources */ = {isa = PBXBuildFile; fileRef = 1ED56A30297CA8190050A61C /* Main.storyboard */; };
		1ED56A34297CA81B0050A61C /* Assets.xcassets in Resources */ = {isa = PBXBuildFile; fileRef = 1ED56A33297CA81B0050A61C /* Assets.xcassets */; };
		1ED56A37297CA81B0050A61C /* LaunchScreen.storyboard in Resources */ = {isa = PBXBuildFile; fileRef = 1ED56A35297CA81B0050A61C /* LaunchScreen.storyboard */; };
		1ED56A42297CA81B0050A61C /* Calculator_UnitTestsTests.swift in Sources */ = {isa = PBXBuildFile; fileRef = 1ED56A41297CA81B0050A61C /* Calculator_UnitTestsTests.swift */; };
		1ED56A4C297CA81B0050A61C /* Calculator_UnitTestsUITests.swift in Sources */ = {isa = PBXBuildFile; fileRef = 1ED56A4B297CA81B0050A61C /* Calculator_UnitTestsUITests.swift */; };
		1ED56A4E297CA81B0050A61C /* Calculator_UnitTestsUITestsLaunchTests.swift in Sources */ = {isa = PBXBuildFile; fileRef = 1ED56A4D297CA81B0050A61C /* Calculator_UnitTestsUITestsLaunchTests.swift */; };
		1ED56A5C297CA9860050A61C /* CombineCocoa in Frameworks */ = {isa = PBXBuildFile; productRef = 1ED56A5B297CA9860050A61C /* CombineCocoa */; };
		1ED56A5F297CA9D70050A61C /* SnapKit in Frameworks */ = {isa = PBXBuildFile; productRef = 1ED56A5E297CA9D70050A61C /* SnapKit */; };
		1ED56A62297CAA0A0050A61C /* CombineCocoa in Frameworks */ = {isa = PBXBuildFile; productRef = 1ED56A61297CAA0A0050A61C /* CombineCocoa */; };
		1ED56A67297CAA4B0050A61C /* SnapshotTesting in Frameworks */ = {isa = PBXBuildFile; productRef = 1ED56A66297CAA4B0050A61C /* SnapshotTesting */; };
		1ED56A69297CAA7E0050A61C /* CombineCocoa in Frameworks */ = {isa = PBXBuildFile; productRef = 1ED56A68297CAA7E0050A61C /* CombineCocoa */; };
/* End PBXBuildFile section */

/* Begin PBXContainerItemProxy section */
		1ED56A3E297CA81B0050A61C /* PBXContainerItemProxy */ = {
			isa = PBXContainerItemProxy;
			containerPortal = 1ED56A1F297CA8190050A61C /* Project object */;
			proxyType = 1;
			remoteGlobalIDString = 1ED56A26297CA8190050A61C;
			remoteInfo = "Calculator-UnitTests";
		};
		1ED56A48297CA81B0050A61C /* PBXContainerItemProxy */ = {
			isa = PBXContainerItemProxy;
			containerPortal = 1ED56A1F297CA8190050A61C /* Project object */;
			proxyType = 1;
			remoteGlobalIDString = 1ED56A26297CA8190050A61C;
			remoteInfo = "Calculator-UnitTests";
		};
/* End PBXContainerItemProxy section */

/* Begin PBXFileReference section */
		1ED56A27297CA8190050A61C /* Calculator-UnitTests.app */ = {isa = PBXFileReference; explicitFileType = wrapper.application; includeInIndex = 0; path = "Calculator-UnitTests.app"; sourceTree = BUILT_PRODUCTS_DIR; };
		1ED56A2A297CA8190050A61C /* AppDelegate.swift */ = {isa = PBXFileReference; lastKnownFileType = sourcecode.swift; path = AppDelegate.swift; sourceTree = "<group>"; };
		1ED56A2C297CA8190050A61C /* SceneDelegate.swift */ = {isa = PBXFileReference; lastKnownFileType = sourcecode.swift; path = SceneDelegate.swift; sourceTree = "<group>"; };
		1ED56A2E297CA8190050A61C /* ViewController.swift */ = {isa = PBXFileReference; lastKnownFileType = sourcecode.swift; path = ViewController.swift; sourceTree = "<group>"; };
		1ED56A31297CA8190050A61C /* Base */ = {isa = PBXFileReference; lastKnownFileType = file.storyboard; name = Base; path = Base.lproj/Main.storyboard; sourceTree = "<group>"; };
		1ED56A33297CA81B0050A61C /* Assets.xcassets */ = {isa = PBXFileReference; lastKnownFileType = folder.assetcatalog; path = Assets.xcassets; sourceTree = "<group>"; };
		1ED56A36297CA81B0050A61C /* Base */ = {isa = PBXFileReference; lastKnownFileType = file.storyboard; name = Base; path = Base.lproj/LaunchScreen.storyboard; sourceTree = "<group>"; };
		1ED56A38297CA81B0050A61C /* Info.plist */ = {isa = PBXFileReference; lastKnownFileType = text.plist.xml; path = Info.plist; sourceTree = "<group>"; };
		1ED56A3D297CA81B0050A61C /* Calculator-UnitTestsTests.xctest */ = {isa = PBXFileReference; explicitFileType = wrapper.cfbundle; includeInIndex = 0; path = "Calculator-UnitTestsTests.xctest"; sourceTree = BUILT_PRODUCTS_DIR; };
		1ED56A41297CA81B0050A61C /* Calculator_UnitTestsTests.swift */ = {isa = PBXFileReference; lastKnownFileType = sourcecode.swift; path = Calculator_UnitTestsTests.swift; sourceTree = "<group>"; };
		1ED56A47297CA81B0050A61C /* Calculator-UnitTestsUITests.xctest */ = {isa = PBXFileReference; explicitFileType = wrapper.cfbundle; includeInIndex = 0; path = "Calculator-UnitTestsUITests.xctest"; sourceTree = BUILT_PRODUCTS_DIR; };
		1ED56A4B297CA81B0050A61C /* Calculator_UnitTestsUITests.swift */ = {isa = PBXFileReference; lastKnownFileType = sourcecode.swift; path = Calculator_UnitTestsUITests.swift; sourceTree = "<group>"; };
		1ED56A4D297CA81B0050A61C /* Calculator_UnitTestsUITestsLaunchTests.swift */ = {isa = PBXFileReference; lastKnownFileType = sourcecode.swift; path = Calculator_UnitTestsUITestsLaunchTests.swift; sourceTree = "<group>"; };
/* End PBXFileReference section */

/* Begin PBXFrameworksBuildPhase section */
		1ED56A24297CA8190050A61C /* Frameworks */ = {
			isa = PBXFrameworksBuildPhase;
			buildActionMask = 2147483647;
			files = (
				1ED56A5C297CA9860050A61C /* CombineCocoa in Frameworks */,
				1ED56A5F297CA9D70050A61C /* SnapKit in Frameworks */,
			);
			runOnlyForDeploymentPostprocessing = 0;
		};
		1ED56A3A297CA81B0050A61C /* Frameworks */ = {
			isa = PBXFrameworksBuildPhase;
			buildActionMask = 2147483647;
			files = (
				1ED56A62297CAA0A0050A61C /* CombineCocoa in Frameworks */,
				1ED56A67297CAA4B0050A61C /* SnapshotTesting in Frameworks */,
			);
			runOnlyForDeploymentPostprocessing = 0;
		};
		1ED56A44297CA81B0050A61C /* Frameworks */ = {
			isa = PBXFrameworksBuildPhase;
			buildActionMask = 2147483647;
			files = (
				1ED56A69297CAA7E0050A61C /* CombineCocoa in Frameworks */,
			);
			runOnlyForDeploymentPostprocessing = 0;
		};
/* End PBXFrameworksBuildPhase section */

/* Begin PBXGroup section */
		1ED56A1E297CA8190050A61C = {
			isa = PBXGroup;
			children = (
				1ED56A29297CA8190050A61C /* Calculator-UnitTests */,
				1ED56A40297CA81B0050A61C /* Calculator-UnitTestsTests */,
				1ED56A4A297CA81B0050A61C /* Calculator-UnitTestsUITests */,
				1ED56A28297CA8190050A61C /* Products */,
				1ED56A60297CAA0A0050A61C /* Frameworks */,
			);
			sourceTree = "<group>";
		};
		1ED56A28297CA8190050A61C /* Products */ = {
			isa = PBXGroup;
			children = (
				1ED56A27297CA8190050A61C /* Calculator-UnitTests.app */,
				1ED56A3D297CA81B0050A61C /* Calculator-UnitTestsTests.xctest */,
				1ED56A47297CA81B0050A61C /* Calculator-UnitTestsUITests.xctest */,
			);
			name = Products;
			sourceTree = "<group>";
		};
		1ED56A29297CA8190050A61C /* Calculator-UnitTests */ = {
			isa = PBXGroup;
			children = (
				1ED56A2A297CA8190050A61C /* AppDelegate.swift */,
				1ED56A2C297CA8190050A61C /* SceneDelegate.swift */,
				1ED56A2E297CA8190050A61C /* ViewController.swift */,
				1ED56A30297CA8190050A61C /* Main.storyboard */,
				1ED56A33297CA81B0050A61C /* Assets.xcassets */,
				1ED56A35297CA81B0050A61C /* LaunchScreen.storyboard */,
				1ED56A38297CA81B0050A61C /* Info.plist */,
			);
			path = "Calculator-UnitTests";
			sourceTree = "<group>";
		};
		1ED56A40297CA81B0050A61C /* Calculator-UnitTestsTests */ = {
			isa = PBXGroup;
			children = (
				1ED56A41297CA81B0050A61C /* Calculator_UnitTestsTests.swift */,
			);
			path = "Calculator-UnitTestsTests";
			sourceTree = "<group>";
		};
		1ED56A4A297CA81B0050A61C /* Calculator-UnitTestsUITests */ = {
			isa = PBXGroup;
			children = (
				1ED56A4B297CA81B0050A61C /* Calculator_UnitTestsUITests.swift */,
				1ED56A4D297CA81B0050A61C /* Calculator_UnitTestsUITestsLaunchTests.swift */,
			);
			path = "Calculator-UnitTestsUITests";
			sourceTree = "<group>";
		};
		1ED56A60297CAA0A0050A61C /* Frameworks */ = {
			isa = PBXGroup;
			children = (
			);
			name = Frameworks;
			sourceTree = "<group>";
		};
/* End PBXGroup section */

/* Begin PBXNativeTarget section */
		1ED56A26297CA8190050A61C /* Calculator-UnitTests */ = {
			isa = PBXNativeTarget;
			buildConfigurationList = 1ED56A51297CA81B0050A61C /* Build configuration list for PBXNativeTarget "Calculator-UnitTests" */;
			buildPhases = (
				1ED56A23297CA8190050A61C /* Sources */,
				1ED56A24297CA8190050A61C /* Frameworks */,
				1ED56A25297CA8190050A61C /* Resources */,
			);
			buildRules = (
			);
			dependencies = (
			);
			name = "Calculator-UnitTests";
			packageProductDependencies = (
				1ED56A5B297CA9860050A61C /* CombineCocoa */,
				1ED56A5E297CA9D70050A61C /* SnapKit */,
			);
			productName = "Calculator-UnitTests";
			productReference = 1ED56A27297CA8190050A61C /* Calculator-UnitTests.app */;
			productType = "com.apple.product-type.application";
		};
		1ED56A3C297CA81B0050A61C /* Calculator-UnitTestsTests */ = {
			isa = PBXNativeTarget;
			buildConfigurationList = 1ED56A54297CA81B0050A61C /* Build configuration list for PBXNativeTarget "Calculator-UnitTestsTests" */;
			buildPhases = (
				1ED56A39297CA81B0050A61C /* Sources */,
				1ED56A3A297CA81B0050A61C /* Frameworks */,
				1ED56A3B297CA81B0050A61C /* Resources */,
			);
			buildRules = (
			);
			dependencies = (
				1ED56A3F297CA81B0050A61C /* PBXTargetDependency */,
			);
			name = "Calculator-UnitTestsTests";
			packageProductDependencies = (
				1ED56A61297CAA0A0050A61C /* CombineCocoa */,
				1ED56A66297CAA4B0050A61C /* SnapshotTesting */,
			);
			productName = "Calculator-UnitTestsTests";
			productReference = 1ED56A3D297CA81B0050A61C /* Calculator-UnitTestsTests.xctest */;
			productType = "com.apple.product-type.bundle.unit-test";
		};
		1ED56A46297CA81B0050A61C /* Calculator-UnitTestsUITests */ = {
			isa = PBXNativeTarget;
			buildConfigurationList = 1ED56A57297CA81B0050A61C /* Build configuration list for PBXNativeTarget "Calculator-UnitTestsUITests" */;
			buildPhases = (
				1ED56A43297CA81B0050A61C /* Sources */,
				1ED56A44297CA81B0050A61C /* Frameworks */,
				1ED56A45297CA81B0050A61C /* Resources */,
			);
			buildRules = (
			);
			dependencies = (
				1ED56A49297CA81B0050A61C /* PBXTargetDependency */,
			);
			name = "Calculator-UnitTestsUITests";
			packageProductDependencies = (
				1ED56A68297CAA7E0050A61C /* CombineCocoa */,
			);
			productName = "Calculator-UnitTestsUITests";
			productReference = 1ED56A47297CA81B0050A61C /* Calculator-UnitTestsUITests.xctest */;
			productType = "com.apple.product-type.bundle.ui-testing";
		};
/* End PBXNativeTarget section */

/* Begin PBXProject section */
		1ED56A1F297CA8190050A61C /* Project object */ = {
			isa = PBXProject;
			attributes = {
				BuildIndependentTargetsInParallel = 1;
				LastSwiftUpdateCheck = 1420;
				LastUpgradeCheck = 1420;
				TargetAttributes = {
					1ED56A26297CA8190050A61C = {
						CreatedOnToolsVersion = 14.2;
					};
					1ED56A3C297CA81B0050A61C = {
						CreatedOnToolsVersion = 14.2;
						TestTargetID = 1ED56A26297CA8190050A61C;
					};
					1ED56A46297CA81B0050A61C = {
						CreatedOnToolsVersion = 14.2;
						TestTargetID = 1ED56A26297CA8190050A61C;
					};
				};
			};
			buildConfigurationList = 1ED56A22297CA8190050A61C /* Build configuration list for PBXProject "Calculator-UnitTests" */;
			compatibilityVersion = "Xcode 14.0";
			developmentRegion = en;
			hasScannedForEncodings = 0;
			knownRegions = (
				en,
				Base,
			);
			mainGroup = 1ED56A1E297CA8190050A61C;
			packageReferences = (
				1ED56A5A297CA9860050A61C /* XCRemoteSwiftPackageReference "CombineCocoa" */,
				1ED56A5D297CA9D70050A61C /* XCRemoteSwiftPackageReference "SnapKit" */,
				1ED56A63297CAA420050A61C /* XCRemoteSwiftPackageReference "swift-snapshot-testing" */,
			);
			productRefGroup = 1ED56A28297CA8190050A61C /* Products */;
			projectDirPath = "";
			projectRoot = "";
			targets = (
				1ED56A26297CA8190050A61C /* Calculator-UnitTests */,
				1ED56A3C297CA81B0050A61C /* Calculator-UnitTestsTests */,
				1ED56A46297CA81B0050A61C /* Calculator-UnitTestsUITests */,
			);
		};
/* End PBXProject section */

/* Begin PBXResourcesBuildPhase section */
		1ED56A25297CA8190050A61C /* Resources */ = {
			isa = PBXResourcesBuildPhase;
			buildActionMask = 2147483647;
			files = (
				1ED56A37297CA81B0050A61C /* LaunchScreen.storyboard in Resources */,
				1ED56A34297CA81B0050A61C /* Assets.xcassets in Resources */,
				1ED56A32297CA8190050A61C /* Main.storyboard in Resources */,
			);
			runOnlyForDeploymentPostprocessing = 0;
		};
		1ED56A3B297CA81B0050A61C /* Resources */ = {
			isa = PBXResourcesBuildPhase;
			buildActionMask = 2147483647;
			files = (
			);
			runOnlyForDeploymentPostprocessing = 0;
		};
		1ED56A45297CA81B0050A61C /* Resources */ = {
			isa = PBXResourcesBuildPhase;
			buildActionMask = 2147483647;
			files = (
			);
			runOnlyForDeploymentPostprocessing = 0;
		};
/* End PBXResourcesBuildPhase section */

/* Begin PBXSourcesBuildPhase section */
		1ED56A23297CA8190050A61C /* Sources */ = {
			isa = PBXSourcesBuildPhase;
			buildActionMask = 2147483647;
			files = (
				1ED56A2F297CA8190050A61C /* ViewController.swift in Sources */,
				1ED56A2B297CA8190050A61C /* AppDelegate.swift in Sources */,
				1ED56A2D297CA8190050A61C /* SceneDelegate.swift in Sources */,
			);
			runOnlyForDeploymentPostprocessing = 0;
		};
		1ED56A39297CA81B0050A61C /* Sources */ = {
			isa = PBXSourcesBuildPhase;
			buildActionMask = 2147483647;
			files = (
				1ED56A42297CA81B0050A61C /* Calculator_UnitTestsTests.swift in Sources */,
			);
			runOnlyForDeploymentPostprocessing = 0;
		};
		1ED56A43297CA81B0050A61C /* Sources */ = {
			isa = PBXSourcesBuildPhase;
			buildActionMask = 2147483647;
			files = (
				1ED56A4E297CA81B0050A61C /* Calculator_UnitTestsUITestsLaunchTests.swift in Sources */,
				1ED56A4C297CA81B0050A61C /* Calculator_UnitTestsUITests.swift in Sources */,
			);
			runOnlyForDeploymentPostprocessing = 0;
		};
/* End PBXSourcesBuildPhase section */

/* Begin PBXTargetDependency section */
		1ED56A3F297CA81B0050A61C /* PBXTargetDependency */ = {
			isa = PBXTargetDependency;
			target = 1ED56A26297CA8190050A61C /* Calculator-UnitTests */;
			targetProxy = 1ED56A3E297CA81B0050A61C /* PBXContainerItemProxy */;
		};
		1ED56A49297CA81B0050A61C /* PBXTargetDependency */ = {
			isa = PBXTargetDependency;
			target = 1ED56A26297CA8190050A61C /* Calculator-UnitTests */;
			targetProxy = 1ED56A48297CA81B0050A61C /* PBXContainerItemProxy */;
		};
/* End PBXTargetDependency section */

/* Begin PBXVariantGroup section */
		1ED56A30297CA8190050A61C /* Main.storyboard */ = {
			isa = PBXVariantGroup;
			children = (
				1ED56A31297CA8190050A61C /* Base */,
			);
			name = Main.storyboard;
			sourceTree = "<group>";
		};
		1ED56A35297CA81B0050A61C /* LaunchScreen.storyboard */ = {
			isa = PBXVariantGroup;
			children = (
				1ED56A36297CA81B0050A61C /* Base */,
			);
			name = LaunchScreen.storyboard;
			sourceTree = "<group>";
		};
/* End PBXVariantGroup section */

/* Begin XCBuildConfiguration section */
		1ED56A4F297CA81B0050A61C /* Debug */ = {
			isa = XCBuildConfiguration;
			buildSettings = {
				ALWAYS_SEARCH_USER_PATHS = NO;
				CLANG_ANALYZER_NONNULL = YES;
				CLANG_ANALYZER_NUMBER_OBJECT_CONVERSION = YES_AGGRESSIVE;
				CLANG_CXX_LANGUAGE_STANDARD = "gnu++20";
				CLANG_ENABLE_MODULES = YES;
				CLANG_ENABLE_OBJC_ARC = YES;
				CLANG_ENABLE_OBJC_WEAK = YES;
				CLANG_WARN_BLOCK_CAPTURE_AUTORELEASING = YES;
				CLANG_WARN_BOOL_CONVERSION = YES;
				CLANG_WARN_COMMA = YES;
				CLANG_WARN_CONSTANT_CONVERSION = YES;
				CLANG_WARN_DEPRECATED_OBJC_IMPLEMENTATIONS = YES;
				CLANG_WARN_DIRECT_OBJC_ISA_USAGE = YES_ERROR;
				CLANG_WARN_DOCUMENTATION_COMMENTS = YES;
				CLANG_WARN_EMPTY_BODY = YES;
				CLANG_WARN_ENUM_CONVERSION = YES;
				CLANG_WARN_INFINITE_RECURSION = YES;
				CLANG_WARN_INT_CONVERSION = YES;
				CLANG_WARN_NON_LITERAL_NULL_CONVERSION = YES;
				CLANG_WARN_OBJC_IMPLICIT_RETAIN_SELF = YES;
				CLANG_WARN_OBJC_LITERAL_CONVERSION = YES;
				CLANG_WARN_OBJC_ROOT_CLASS = YES_ERROR;
				CLANG_WARN_QUOTED_INCLUDE_IN_FRAMEWORK_HEADER = YES;
				CLANG_WARN_RANGE_LOOP_ANALYSIS = YES;
				CLANG_WARN_STRICT_PROTOTYPES = YES;
				CLANG_WARN_SUSPICIOUS_MOVE = YES;
				CLANG_WARN_UNGUARDED_AVAILABILITY = YES_AGGRESSIVE;
				CLANG_WARN_UNREACHABLE_CODE = YES;
				CLANG_WARN__DUPLICATE_METHOD_MATCH = YES;
				COPY_PHASE_STRIP = NO;
				DEBUG_INFORMATION_FORMAT = dwarf;
				ENABLE_STRICT_OBJC_MSGSEND = YES;
				ENABLE_TESTABILITY = YES;
				GCC_C_LANGUAGE_STANDARD = gnu11;
				GCC_DYNAMIC_NO_PIC = NO;
				GCC_NO_COMMON_BLOCKS = YES;
				GCC_OPTIMIZATION_LEVEL = 0;
				GCC_PREPROCESSOR_DEFINITIONS = (
					"DEBUG=1",
					"$(inherited)",
				);
				GCC_WARN_64_TO_32_BIT_CONVERSION = YES;
				GCC_WARN_ABOUT_RETURN_TYPE = YES_ERROR;
				GCC_WARN_UNDECLARED_SELECTOR = YES;
				GCC_WARN_UNINITIALIZED_AUTOS = YES_AGGRESSIVE;
				GCC_WARN_UNUSED_FUNCTION = YES;
				GCC_WARN_UNUSED_VARIABLE = YES;
				IPHONEOS_DEPLOYMENT_TARGET = 16.2;
				MTL_ENABLE_DEBUG_INFO = INCLUDE_SOURCE;
				MTL_FAST_MATH = YES;
				ONLY_ACTIVE_ARCH = YES;
				SDKROOT = iphoneos;
				SWIFT_ACTIVE_COMPILATION_CONDITIONS = DEBUG;
				SWIFT_OPTIMIZATION_LEVEL = "-Onone";
			};
			name = Debug;
		};
		1ED56A50297CA81B0050A61C /* Release */ = {
			isa = XCBuildConfiguration;
			buildSettings = {
				ALWAYS_SEARCH_USER_PATHS = NO;
				CLANG_ANALYZER_NONNULL = YES;
				CLANG_ANALYZER_NUMBER_OBJECT_CONVERSION = YES_AGGRESSIVE;
				CLANG_CXX_LANGUAGE_STANDARD = "gnu++20";
				CLANG_ENABLE_MODULES = YES;
				CLANG_ENABLE_OBJC_ARC = YES;
				CLANG_ENABLE_OBJC_WEAK = YES;
				CLANG_WARN_BLOCK_CAPTURE_AUTORELEASING = YES;
				CLANG_WARN_BOOL_CONVERSION = YES;
				CLANG_WARN_COMMA = YES;
				CLANG_WARN_CONSTANT_CONVERSION = YES;
				CLANG_WARN_DEPRECATED_OBJC_IMPLEMENTATIONS = YES;
				CLANG_WARN_DIRECT_OBJC_ISA_USAGE = YES_ERROR;
				CLANG_WARN_DOCUMENTATION_COMMENTS = YES;
				CLANG_WARN_EMPTY_BODY = YES;
				CLANG_WARN_ENUM_CONVERSION = YES;
				CLANG_WARN_INFINITE_RECURSION = YES;
				CLANG_WARN_INT_CONVERSION = YES;
				CLANG_WARN_NON_LITERAL_NULL_CONVERSION = YES;
				CLANG_WARN_OBJC_IMPLICIT_RETAIN_SELF = YES;
				CLANG_WARN_OBJC_LITERAL_CONVERSION = YES;
				CLANG_WARN_OBJC_ROOT_CLASS = YES_ERROR;
				CLANG_WARN_QUOTED_INCLUDE_IN_FRAMEWORK_HEADER = YES;
				CLANG_WARN_RANGE_LOOP_ANALYSIS = YES;
				CLANG_WARN_STRICT_PROTOTYPES = YES;
				CLANG_WARN_SUSPICIOUS_MOVE = YES;
				CLANG_WARN_UNGUARDED_AVAILABILITY = YES_AGGRESSIVE;
				CLANG_WARN_UNREACHABLE_CODE = YES;
				CLANG_WARN__DUPLICATE_METHOD_MATCH = YES;
				COPY_PHASE_STRIP = NO;
				DEBUG_INFORMATION_FORMAT = "dwarf-with-dsym";
				ENABLE_NS_ASSERTIONS = NO;
				ENABLE_STRICT_OBJC_MSGSEND = YES;
				GCC_C_LANGUAGE_STANDARD = gnu11;
				GCC_NO_COMMON_BLOCKS = YES;
				GCC_WARN_64_TO_32_BIT_CONVERSION = YES;
				GCC_WARN_ABOUT_RETURN_TYPE = YES_ERROR;
				GCC_WARN_UNDECLARED_SELECTOR = YES;
				GCC_WARN_UNINITIALIZED_AUTOS = YES_AGGRESSIVE;
				GCC_WARN_UNUSED_FUNCTION = YES;
				GCC_WARN_UNUSED_VARIABLE = YES;
				IPHONEOS_DEPLOYMENT_TARGET = 16.2;
				MTL_ENABLE_DEBUG_INFO = NO;
				MTL_FAST_MATH = YES;
				SDKROOT = iphoneos;
				SWIFT_COMPILATION_MODE = wholemodule;
				SWIFT_OPTIMIZATION_LEVEL = "-O";
				VALIDATE_PRODUCT = YES;
			};
			name = Release;
		};
		1ED56A52297CA81B0050A61C /* Debug */ = {
			isa = XCBuildConfiguration;
			buildSettings = {
				ASSETCATALOG_COMPILER_APPICON_NAME = AppIcon;
				ASSETCATALOG_COMPILER_GLOBAL_ACCENT_COLOR_NAME = AccentColor;
				CODE_SIGN_STYLE = Automatic;
				CURRENT_PROJECT_VERSION = 1;
				DEVELOPMENT_TEAM = 9Y3YYN3XLN;
				GENERATE_INFOPLIST_FILE = YES;
				INFOPLIST_FILE = "Calculator-UnitTests/Info.plist";
				INFOPLIST_KEY_UIApplicationSupportsIndirectInputEvents = YES;
				INFOPLIST_KEY_UILaunchStoryboardName = LaunchScreen;
				INFOPLIST_KEY_UIMainStoryboardFile = Main;
				INFOPLIST_KEY_UISupportedInterfaceOrientations_iPad = "UIInterfaceOrientationPortrait UIInterfaceOrientationPortraitUpsideDown UIInterfaceOrientationLandscapeLeft UIInterfaceOrientationLandscapeRight";
				INFOPLIST_KEY_UISupportedInterfaceOrientations_iPhone = "UIInterfaceOrientationPortrait UIInterfaceOrientationLandscapeLeft UIInterfaceOrientationLandscapeRight";
				LD_RUNPATH_SEARCH_PATHS = (
					"$(inherited)",
					"@executable_path/Frameworks",
				);
				MARKETING_VERSION = 1.0;
				PRODUCT_BUNDLE_IDENTIFIER = "com.kaique.Calculator-UnitTests";
				PRODUCT_NAME = "$(TARGET_NAME)";
				SWIFT_EMIT_LOC_STRINGS = YES;
				SWIFT_VERSION = 5.0;
				TARGETED_DEVICE_FAMILY = "1,2";
			};
			name = Debug;
		};
		1ED56A53297CA81B0050A61C /* Release */ = {
			isa = XCBuildConfiguration;
			buildSettings = {
				ASSETCATALOG_COMPILER_APPICON_NAME = AppIcon;
				ASSETCATALOG_COMPILER_GLOBAL_ACCENT_COLOR_NAME = AccentColor;
				CODE_SIGN_STYLE = Automatic;
				CURRENT_PROJECT_VERSION = 1;
				DEVELOPMENT_TEAM = 9Y3YYN3XLN;
				GENERATE_INFOPLIST_FILE = YES;
				INFOPLIST_FILE = "Calculator-UnitTests/Info.plist";
				INFOPLIST_KEY_UIApplicationSupportsIndirectInputEvents = YES;
				INFOPLIST_KEY_UILaunchStoryboardName = LaunchScreen;
				INFOPLIST_KEY_UIMainStoryboardFile = Main;
				INFOPLIST_KEY_UISupportedInterfaceOrientations_iPad = "UIInterfaceOrientationPortrait UIInterfaceOrientationPortraitUpsideDown UIInterfaceOrientationLandscapeLeft UIInterfaceOrientationLandscapeRight";
				INFOPLIST_KEY_UISupportedInterfaceOrientations_iPhone = "UIInterfaceOrientationPortrait UIInterfaceOrientationLandscapeLeft UIInterfaceOrientationLandscapeRight";
				LD_RUNPATH_SEARCH_PATHS = (
					"$(inherited)",
					"@executable_path/Frameworks",
				);
				MARKETING_VERSION = 1.0;
				PRODUCT_BUNDLE_IDENTIFIER = "com.kaique.Calculator-UnitTests";
				PRODUCT_NAME = "$(TARGET_NAME)";
				SWIFT_EMIT_LOC_STRINGS = YES;
				SWIFT_VERSION = 5.0;
				TARGETED_DEVICE_FAMILY = "1,2";
			};
			name = Release;
		};
		1ED56A55297CA81B0050A61C /* Debug */ = {
			isa = XCBuildConfiguration;
			buildSettings = {
				ALWAYS_EMBED_SWIFT_STANDARD_LIBRARIES = YES;
				BUNDLE_LOADER = "$(TEST_HOST)";
				CODE_SIGN_STYLE = Automatic;
				CURRENT_PROJECT_VERSION = 1;
				DEVELOPMENT_TEAM = 9Y3YYN3XLN;
				GENERATE_INFOPLIST_FILE = YES;
				IPHONEOS_DEPLOYMENT_TARGET = 16.2;
				MARKETING_VERSION = 1.0;
				PRODUCT_BUNDLE_IDENTIFIER = "com.kaique.Calculator-UnitTestsTests";
				PRODUCT_NAME = "$(TARGET_NAME)";
				SWIFT_EMIT_LOC_STRINGS = NO;
				SWIFT_VERSION = 5.0;
				TARGETED_DEVICE_FAMILY = "1,2";
				TEST_HOST = "$(BUILT_PRODUCTS_DIR)/Calculator-UnitTests.app/$(BUNDLE_EXECUTABLE_FOLDER_PATH)/Calculator-UnitTests";
			};
			name = Debug;
		};
		1ED56A56297CA81B0050A61C /* Release */ = {
			isa = XCBuildConfiguration;
			buildSettings = {
				ALWAYS_EMBED_SWIFT_STANDARD_LIBRARIES = YES;
				BUNDLE_LOADER = "$(TEST_HOST)";
				CODE_SIGN_STYLE = Automatic;
				CURRENT_PROJECT_VERSION = 1;
				DEVELOPMENT_TEAM = 9Y3YYN3XLN;
				GENERATE_INFOPLIST_FILE = YES;
				IPHONEOS_DEPLOYMENT_TARGET = 16.2;
				MARKETING_VERSION = 1.0;
				PRODUCT_BUNDLE_IDENTIFIER = "com.kaique.Calculator-UnitTestsTests";
				PRODUCT_NAME = "$(TARGET_NAME)";
				SWIFT_EMIT_LOC_STRINGS = NO;
				SWIFT_VERSION = 5.0;
				TARGETED_DEVICE_FAMILY = "1,2";
				TEST_HOST = "$(BUILT_PRODUCTS_DIR)/Calculator-UnitTests.app/$(BUNDLE_EXECUTABLE_FOLDER_PATH)/Calculator-UnitTests";
			};
			name = Release;
		};
		1ED56A58297CA81B0050A61C /* Debug */ = {
			isa = XCBuildConfiguration;
			buildSettings = {
				ALWAYS_EMBED_SWIFT_STANDARD_LIBRARIES = YES;
				CODE_SIGN_STYLE = Automatic;
				CURRENT_PROJECT_VERSION = 1;
				DEVELOPMENT_TEAM = 9Y3YYN3XLN;
				GENERATE_INFOPLIST_FILE = YES;
				MARKETING_VERSION = 1.0;
				PRODUCT_BUNDLE_IDENTIFIER = "com.kaique.Calculator-UnitTestsUITests";
				PRODUCT_NAME = "$(TARGET_NAME)";
				SWIFT_EMIT_LOC_STRINGS = NO;
				SWIFT_VERSION = 5.0;
				TARGETED_DEVICE_FAMILY = "1,2";
				TEST_TARGET_NAME = "Calculator-UnitTests";
			};
			name = Debug;
		};
		1ED56A59297CA81B0050A61C /* Release */ = {
			isa = XCBuildConfiguration;
			buildSettings = {
				ALWAYS_EMBED_SWIFT_STANDARD_LIBRARIES = YES;
				CODE_SIGN_STYLE = Automatic;
				CURRENT_PROJECT_VERSION = 1;
				DEVELOPMENT_TEAM = 9Y3YYN3XLN;
				GENERATE_INFOPLIST_FILE = YES;
				MARKETING_VERSION = 1.0;
				PRODUCT_BUNDLE_IDENTIFIER = "com.kaique.Calculator-UnitTestsUITests";
				PRODUCT_NAME = "$(TARGET_NAME)";
				SWIFT_EMIT_LOC_STRINGS = NO;
				SWIFT_VERSION = 5.0;
				TARGETED_DEVICE_FAMILY = "1,2";
				TEST_TARGET_NAME = "Calculator-UnitTests";
			};
			name = Release;
		};
/* End XCBuildConfiguration section */

/* Begin XCConfigurationList section */
		1ED56A22297CA8190050A61C /* Build configuration list for PBXProject "Calculator-UnitTests" */ = {
			isa = XCConfigurationList;
			buildConfigurations = (
				1ED56A4F297CA81B0050A61C /* Debug */,
				1ED56A50297CA81B0050A61C /* Release */,
			);
			defaultConfigurationIsVisible = 0;
			defaultConfigurationName = Release;
		};
		1ED56A51297CA81B0050A61C /* Build configuration list for PBXNativeTarget "Calculator-UnitTests" */ = {
			isa = XCConfigurationList;
			buildConfigurations = (
				1ED56A52297CA81B0050A61C /* Debug */,
				1ED56A53297CA81B0050A61C /* Release */,
			);
			defaultConfigurationIsVisible = 0;
			defaultConfigurationName = Release;
		};
		1ED56A54297CA81B0050A61C /* Build configuration list for PBXNativeTarget "Calculator-UnitTestsTests" */ = {
			isa = XCConfigurationList;
			buildConfigurations = (
				1ED56A55297CA81B0050A61C /* Debug */,
				1ED56A56297CA81B0050A61C /* Release */,
			);
			defaultConfigurationIsVisible = 0;
			defaultConfigurationName = Release;
		};
		1ED56A57297CA81B0050A61C /* Build configuration list for PBXNativeTarget "Calculator-UnitTestsUITests" */ = {
			isa = XCConfigurationList;
			buildConfigurations = (
				1ED56A58297CA81B0050A61C /* Debug */,
				1ED56A59297CA81B0050A61C /* Release */,
			);
			defaultConfigurationIsVisible = 0;
			defaultConfigurationName = Release;
		};
/* End XCConfigurationList section */

/* Begin XCRemoteSwiftPackageReference section */
		1ED56A5A297CA9860050A61C /* XCRemoteSwiftPackageReference "CombineCocoa" */ = {
			isa = XCRemoteSwiftPackageReference;
			repositoryURL = "https://github.com/CombineCommunity/CombineCocoa";
			requirement = {
				kind = upToNextMajorVersion;
				minimumVersion = 0.4.1;
			};
		};
		1ED56A5D297CA9D70050A61C /* XCRemoteSwiftPackageReference "SnapKit" */ = {
			isa = XCRemoteSwiftPackageReference;
			repositoryURL = "https://github.com/SnapKit/SnapKit";
			requirement = {
				kind = upToNextMajorVersion;
				minimumVersion = 5.0.0;
			};
		};
		1ED56A63297CAA420050A61C /* XCRemoteSwiftPackageReference "swift-snapshot-testing" */ = {
			isa = XCRemoteSwiftPackageReference;
			repositoryURL = "https://github.com/pointfreeco/swift-snapshot-testing";
			requirement = {
				kind = upToNextMajorVersion;
				minimumVersion = 1.0.0;
			};
		};
/* End XCRemoteSwiftPackageReference section */

/* Begin XCSwiftPackageProductDependency section */
		1ED56A5B297CA9860050A61C /* CombineCocoa */ = {
			isa = XCSwiftPackageProductDependency;
			package = 1ED56A5A297CA9860050A61C /* XCRemoteSwiftPackageReference "CombineCocoa" */;
			productName = CombineCocoa;
		};
		1ED56A5E297CA9D70050A61C /* SnapKit */ = {
			isa = XCSwiftPackageProductDependency;
			package = 1ED56A5D297CA9D70050A61C /* XCRemoteSwiftPackageReference "SnapKit" */;
			productName = SnapKit;
		};
		1ED56A61297CAA0A0050A61C /* CombineCocoa */ = {
			isa = XCSwiftPackageProductDependency;
			package = 1ED56A5A297CA9860050A61C /* XCRemoteSwiftPackageReference "CombineCocoa" */;
			productName = CombineCocoa;
		};
		1ED56A66297CAA4B0050A61C /* SnapshotTesting */ = {
			isa = XCSwiftPackageProductDependency;
			package = 1ED56A63297CAA420050A61C /* XCRemoteSwiftPackageReference "swift-snapshot-testing" */;
			productName = SnapshotTesting;
		};
		1ED56A68297CAA7E0050A61C /* CombineCocoa */ = {
			isa = XCSwiftPackageProductDependency;
			package = 1ED56A5A297CA9860050A61C /* XCRemoteSwiftPackageReference "CombineCocoa" */;
			productName = CombineCocoa;
		};
/* End XCSwiftPackageProductDependency section */
	};
	rootObject = 1ED56A1F297CA8190050A61C /* Project object */;
}
